
Microsoft Visual Studio Solution File, Format Version 12.00
# Visual Studio Version 17
VisualStudioVersion = 17.4.33103.184
MinimumVisualStudioVersion = 10.0.40219.1
Project("{FAE04EC0-301F-11D3-BF4B-00C04F79EFBC}") = "CRUD operations in Gridview", "CRUD operations in Gridview\CRUD operations in Gridview.csproj", "{81077CFA-ECEC-40E1-A715-D548285217C5}"
EndProject
Global
	GlobalSection(SolutionConfigurationPlatforms) = preSolution
		Debug|Any CPU = Debug|Any CPU
		Release|Any CPU = Release|Any CPU
	EndGlobalSection
	GlobalSection(ProjectConfigurationPlatforms) = postSolution
		{81077CFA-ECEC-40E1-A715-D548285217C5}.Debug|Any CPU.ActiveCfg = Debug|Any CPU
		{81077CFA-ECEC-40E1-A715-D548285217C5}.Debug|Any CPU.Build.0 = Debug|Any CPU
		{81077CFA-ECEC-40E1-A715-D548285217C5}.Release|Any CPU.ActiveCfg = Release|Any CPU
		{81077CFA-ECEC-40E1-A715-D548285217C5}.Release|Any CPU.Build.0 = Release|Any CPU
	EndGlobalSection
	GlobalSection(SolutionProperties) = preSolution
		HideSolutionNode = FALSE
	EndGlobalSection
	GlobalSection(ExtensibilityGlobals) = postSolution
		SolutionGuid = {8468EC9C-FD0D-4F59-9ABF-FCF1E6110C1B}
	EndGlobalSection
EndGlobal
